
Microsoft Visual Studio Solution File, Format Version 12.00
# Visual Studio Version 16
VisualStudioVersion = 16.0.30711.63
MinimumVisualStudioVersion = 10.0.40219.1
Project("{9A19103F-16F7-4668-BE54-9A1E7A4F7556}") = "MedicineStockModule", "MedicineStockModule.csproj", "{4E32FC41-CBC2-4388-983D-4C385EB48CAB}"
EndProject
Project("{9A19103F-16F7-4668-BE54-9A1E7A4F7556}") = "MedicineStockModuleTest", "..\MedicineStockModuleTest\MedicineStockModuleTest.csproj", "{FC4AAA5F-A059-4530-953E-81B4F6A20140}"
EndProject
Global
	GlobalSection(SolutionConfigurationPlatforms) = preSolution
		Debug|Any CPU = Debug|Any CPU
		Release|Any CPU = Release|Any CPU
	EndGlobalSection
	GlobalSection(ProjectConfigurationPlatforms) = postSolution
		{4E32FC41-CBC2-4388-983D-4C385EB48CAB}.Debug|Any CPU.ActiveCfg = Debug|Any CPU
		{4E32FC41-CBC2-4388-983D-4C385EB48CAB}.Debug|Any CPU.Build.0 = Debug|Any CPU
		{4E32FC41-CBC2-4388-983D-4C385EB48CAB}.Release|Any CPU.ActiveCfg = Release|Any CPU
		{4E32FC41-CBC2-4388-983D-4C385EB48CAB}.Release|Any CPU.Build.0 = Release|Any CPU
		{FC4AAA5F-A059-4530-953E-81B4F6A20140}.Debug|Any CPU.ActiveCfg = Debug|Any CPU
		{FC4AAA5F-A059-4530-953E-81B4F6A20140}.Debug|Any CPU.Build.0 = Debug|Any CPU
		{FC4AAA5F-A059-4530-953E-81B4F6A20140}.Release|Any CPU.ActiveCfg = Release|Any CPU
		{FC4AAA5F-A059-4530-953E-81B4F6A20140}.Release|Any CPU.Build.0 = Release|Any CPU
	EndGlobalSection
	GlobalSection(SolutionProperties) = preSolution
		HideSolutionNode = FALSE
	EndGlobalSection
	GlobalSection(ExtensibilityGlobals) = postSolution
		SolutionGuid = {A88C85EC-73FD-4139-8B95-EEFC827DE4A4}
	EndGlobalSection
EndGlobal
